
Microsoft Visual Studio Solution File, Format Version 12.00
# Visual Studio Version 16
VisualStudioVersion = 16.0.32106.194
MinimumVisualStudioVersion = 10.0.40219.1
Project("{FAE04EC0-301F-11D3-BF4B-00C04F79EFBC}") = "Práctica - Semana 16", "Práctica - Semana 16\Práctica - Semana 16.csproj", "{0E9F597E-866C-4793-BA5B-6444C125CCD1}"
EndProject
Global
	GlobalSection(SolutionConfigurationPlatforms) = preSolution
		Debug|Any CPU = Debug|Any CPU
		Release|Any CPU = Release|Any CPU
	EndGlobalSection
	GlobalSection(ProjectConfigurationPlatforms) = postSolution
		{0E9F597E-866C-4793-BA5B-6444C125CCD1}.Debug|Any CPU.ActiveCfg = Debug|Any CPU
		{0E9F597E-866C-4793-BA5B-6444C125CCD1}.Debug|Any CPU.Build.0 = Debug|Any CPU
		{0E9F597E-866C-4793-BA5B-6444C125CCD1}.Release|Any CPU.ActiveCfg = Release|Any CPU
		{0E9F597E-866C-4793-BA5B-6444C125CCD1}.Release|Any CPU.Build.0 = Release|Any CPU
	EndGlobalSection
	GlobalSection(SolutionProperties) = preSolution
		HideSolutionNode = FALSE
	EndGlobalSection
	GlobalSection(ExtensibilityGlobals) = postSolution
		SolutionGuid = {06AE8983-849D-4EB2-A675-9EDEF7079F7A}
	EndGlobalSection
EndGlobal
